// !$*UTF8*$!
{
	archiveVersion = 1;
	classes = {
	};
	objectVersion = 48;
	objects = {

/* Begin PBXBuildFile section */
		3451BC90203F0A8A004A2BFA /* UdacityConstants.swift in Sources */ = {isa = PBXBuildFile; fileRef = 3451BC8F203F0A8A004A2BFA /* UdacityConstants.swift */; };
		3451BC92203F0EF6004A2BFA /* UdacityClient.swift in Sources */ = {isa = PBXBuildFile; fileRef = 3451BC91203F0EF6004A2BFA /* UdacityClient.swift */; };
		3455FEFA203F6204004CC231 /* GCDBlackBox.swift in Sources */ = {isa = PBXBuildFile; fileRef = 3455FEF9203F6204004CC231 /* GCDBlackBox.swift */; };
		3455FEFE203F6636004CC231 /* TextFieldDelegate.swift in Sources */ = {isa = PBXBuildFile; fileRef = 3455FEFD203F6636004CC231 /* TextFieldDelegate.swift */; };
		3455FF00203F68B6004CC231 /* MapViewController.swift in Sources */ = {isa = PBXBuildFile; fileRef = 3455FEFF203F68B6004CC231 /* MapViewController.swift */; };
		34595C67204028890001053D /* StudentLocation.swift in Sources */ = {isa = PBXBuildFile; fileRef = 34595C66204028890001053D /* StudentLocation.swift */; };
		34595C6920402A8E0001053D /* ParseClient.swift in Sources */ = {isa = PBXBuildFile; fileRef = 34595C6820402A8E0001053D /* ParseClient.swift */; };
		34595C6B20405CB10001053D /* CustomTableCell.swift in Sources */ = {isa = PBXBuildFile; fileRef = 34595C6A20405CB10001053D /* CustomTableCell.swift */; };
		34595C6D20405D000001053D /* TableViewController.swift in Sources */ = {isa = PBXBuildFile; fileRef = 34595C6C20405D000001053D /* TableViewController.swift */; };
		34595C6F20407FAF0001053D /* InformationPostingViewController.swift in Sources */ = {isa = PBXBuildFile; fileRef = 34595C6E20407FAF0001053D /* InformationPostingViewController.swift */; };
		34595C7120408CF50001053D /* CheckYourLocationViewController.swift in Sources */ = {isa = PBXBuildFile; fileRef = 34595C7020408CF50001053D /* CheckYourLocationViewController.swift */; };
		34C74F0B203F01DF00FF5EBA /* AppDelegate.swift in Sources */ = {isa = PBXBuildFile; fileRef = 34C74F0A203F01DF00FF5EBA /* AppDelegate.swift */; };
		34C74F0D203F01DF00FF5EBA /* LoginViewController.swift in Sources */ = {isa = PBXBuildFile; fileRef = 34C74F0C203F01DF00FF5EBA /* LoginViewController.swift */; };
		34C74F10203F01DF00FF5EBA /* Main.storyboard in Resources */ = {isa = PBXBuildFile; fileRef = 34C74F0E203F01DF00FF5EBA /* Main.storyboard */; };
		34C74F12203F01DF00FF5EBA /* Assets.xcassets in Resources */ = {isa = PBXBuildFile; fileRef = 34C74F11203F01DF00FF5EBA /* Assets.xcassets */; };
		34C74F15203F01DF00FF5EBA /* LaunchScreen.storyboard in Resources */ = {isa = PBXBuildFile; fileRef = 34C74F13203F01DF00FF5EBA /* LaunchScreen.storyboard */; };
		34C74F1E203F03FB00FF5EBA /* udacity logo.png in Resources */ = {isa = PBXBuildFile; fileRef = 34C74F1D203F03FB00FF5EBA /* udacity logo.png */; };
/* End PBXBuildFile section */

/* Begin PBXFileReference section */
		3451BC8F203F0A8A004A2BFA /* UdacityConstants.swift */ = {isa = PBXFileReference; lastKnownFileType = sourcecode.swift; path = UdacityConstants.swift; sourceTree = "<group>"; };
		3451BC91203F0EF6004A2BFA /* UdacityClient.swift */ = {isa = PBXFileReference; lastKnownFileType = sourcecode.swift; path = UdacityClient.swift; sourceTree = "<group>"; };
		3455FEF9203F6204004CC231 /* GCDBlackBox.swift */ = {isa = PBXFileReference; lastKnownFileType = sourcecode.swift; path = GCDBlackBox.swift; sourceTree = "<group>"; };
		3455FEFD203F6636004CC231 /* TextFieldDelegate.swift */ = {isa = PBXFileReference; lastKnownFileType = sourcecode.swift; path = TextFieldDelegate.swift; sourceTree = "<group>"; };
		3455FEFF203F68B6004CC231 /* MapViewController.swift */ = {isa = PBXFileReference; lastKnownFileType = sourcecode.swift; path = MapViewController.swift; sourceTree = "<group>"; };
		34595C66204028890001053D /* StudentLocation.swift */ = {isa = PBXFileReference; lastKnownFileType = sourcecode.swift; path = StudentLocation.swift; sourceTree = "<group>"; };
		34595C6820402A8E0001053D /* ParseClient.swift */ = {isa = PBXFileReference; lastKnownFileType = sourcecode.swift; path = ParseClient.swift; sourceTree = "<group>"; };
		34595C6A20405CB10001053D /* CustomTableCell.swift */ = {isa = PBXFileReference; lastKnownFileType = sourcecode.swift; path = CustomTableCell.swift; sourceTree = "<group>"; };
		34595C6C20405D000001053D /* TableViewController.swift */ = {isa = PBXFileReference; lastKnownFileType = sourcecode.swift; path = TableViewController.swift; sourceTree = "<group>"; };
		34595C6E20407FAF0001053D /* InformationPostingViewController.swift */ = {isa = PBXFileReference; lastKnownFileType = sourcecode.swift; path = InformationPostingViewController.swift; sourceTree = "<group>"; };
		34595C7020408CF50001053D /* CheckYourLocationViewController.swift */ = {isa = PBXFileReference; lastKnownFileType = sourcecode.swift; path = CheckYourLocationViewController.swift; sourceTree = "<group>"; };
		34C74F07203F01DF00FF5EBA /* On The Map.app */ = {isa = PBXFileReference; explicitFileType = wrapper.application; includeInIndex = 0; path = "On The Map.app"; sourceTree = BUILT_PRODUCTS_DIR; };
		34C74F0A203F01DF00FF5EBA /* AppDelegate.swift */ = {isa = PBXFileReference; lastKnownFileType = sourcecode.swift; path = AppDelegate.swift; sourceTree = "<group>"; };
		34C74F0C203F01DF00FF5EBA /* LoginViewController.swift */ = {isa = PBXFileReference; lastKnownFileType = sourcecode.swift; path = LoginViewController.swift; sourceTree = "<group>"; };
		34C74F0F203F01DF00FF5EBA /* Base */ = {isa = PBXFileReference; lastKnownFileType = file.storyboard; name = Base; path = Base.lproj/Main.storyboard; sourceTree = "<group>"; };
		34C74F11203F01DF00FF5EBA /* Assets.xcassets */ = {isa = PBXFileReference; lastKnownFileType = folder.assetcatalog; path = Assets.xcassets; sourceTree = "<group>"; };
		34C74F14203F01DF00FF5EBA /* Base */ = {isa = PBXFileReference; lastKnownFileType = file.storyboard; name = Base; path = Base.lproj/LaunchScreen.storyboard; sourceTree = "<group>"; };
		34C74F16203F01DF00FF5EBA /* Info.plist */ = {isa = PBXFileReference; lastKnownFileType = text.plist.xml; path = Info.plist; sourceTree = "<group>"; };
		34C74F1D203F03FB00FF5EBA /* udacity logo.png */ = {isa = PBXFileReference; lastKnownFileType = image.png; path = "udacity logo.png"; sourceTree = "<group>"; };
/* End PBXFileReference section */

/* Begin PBXFrameworksBuildPhase section */
		34C74F04203F01DF00FF5EBA /* Frameworks */ = {
			isa = PBXFrameworksBuildPhase;
			buildActionMask = 2147483647;
			files = (
			);
			runOnlyForDeploymentPostprocessing = 0;
		};
/* End PBXFrameworksBuildPhase section */

/* Begin PBXGroup section */
		34C74EFE203F01DE00FF5EBA = {
			isa = PBXGroup;
			children = (
				34C74F1C203F03EE00FF5EBA /* Images */,
				34C74F09203F01DF00FF5EBA /* On The Map */,
				34C74F08203F01DF00FF5EBA /* Products */,
			);
			sourceTree = "<group>";
		};
		34C74F08203F01DF00FF5EBA /* Products */ = {
			isa = PBXGroup;
			children = (
				34C74F07203F01DF00FF5EBA /* On The Map.app */,
			);
			name = Products;
			sourceTree = "<group>";
		};
		34C74F09203F01DF00FF5EBA /* On The Map */ = {
			isa = PBXGroup;
			children = (
				34595C6E20407FAF0001053D /* InformationPostingViewController.swift */,
				3455FEFD203F6636004CC231 /* TextFieldDelegate.swift */,
				3451BC8F203F0A8A004A2BFA /* UdacityConstants.swift */,
				3451BC91203F0EF6004A2BFA /* UdacityClient.swift */,
				34C74F0A203F01DF00FF5EBA /* AppDelegate.swift */,
				34C74F0C203F01DF00FF5EBA /* LoginViewController.swift */,
				3455FEF9203F6204004CC231 /* GCDBlackBox.swift */,
				34C74F0E203F01DF00FF5EBA /* Main.storyboard */,
				34595C7020408CF50001053D /* CheckYourLocationViewController.swift */,
				34595C6C20405D000001053D /* TableViewController.swift */,
				34595C6A20405CB10001053D /* CustomTableCell.swift */,
				3455FEFF203F68B6004CC231 /* MapViewController.swift */,
				34595C6820402A8E0001053D /* ParseClient.swift */,
				34595C66204028890001053D /* StudentLocation.swift */,
				34C74F11203F01DF00FF5EBA /* Assets.xcassets */,
				34C74F13203F01DF00FF5EBA /* LaunchScreen.storyboard */,
				34C74F16203F01DF00FF5EBA /* Info.plist */,
			);
			path = "On The Map";
			sourceTree = "<group>";
		};
		34C74F1C203F03EE00FF5EBA /* Images */ = {
			isa = PBXGroup;
			children = (
				34C74F1D203F03FB00FF5EBA /* udacity logo.png */,
			);
			path = Images;
			sourceTree = "<group>";
		};
/* End PBXGroup section */

/* Begin PBXNativeTarget section */
		34C74F06203F01DF00FF5EBA /* On The Map */ = {
			isa = PBXNativeTarget;
			buildConfigurationList = 34C74F19203F01DF00FF5EBA /* Build configuration list for PBXNativeTarget "On The Map" */;
			buildPhases = (
				34C74F03203F01DF00FF5EBA /* Sources */,
				34C74F04203F01DF00FF5EBA /* Frameworks */,
				34C74F05203F01DF00FF5EBA /* Resources */,
			);
			buildRules = (
			);
			dependencies = (
			);
			name = "On The Map";
			productName = "On The Map";
			productReference = 34C74F07203F01DF00FF5EBA /* On The Map.app */;
			productType = "com.apple.product-type.application";
		};
/* End PBXNativeTarget section */

/* Begin PBXProject section */
		34C74EFF203F01DE00FF5EBA /* Project object */ = {
			isa = PBXProject;
			attributes = {
				LastSwiftUpdateCheck = 0920;
				LastUpgradeCheck = 0920;
				ORGANIZATIONNAME = "VERDU SANJAY";
				TargetAttributes = {
					34C74F06203F01DF00FF5EBA = {
						CreatedOnToolsVersion = 9.2;
						ProvisioningStyle = Automatic;
					};
				};
			};
			buildConfigurationList = 34C74F02203F01DE00FF5EBA /* Build configuration list for PBXProject "On The Map" */;
			compatibilityVersion = "Xcode 8.0";
			developmentRegion = en;
			hasScannedForEncodings = 0;
			knownRegions = (
				en,
				Base,
			);
			mainGroup = 34C74EFE203F01DE00FF5EBA;
			productRefGroup = 34C74F08203F01DF00FF5EBA /* Products */;
			projectDirPath = "";
			projectRoot = "";
			targets = (
				34C74F06203F01DF00FF5EBA /* On The Map */,
			);
		};
/* End PBXProject section */

/* Begin PBXResourcesBuildPhase section */
		34C74F05203F01DF00FF5EBA /* Resources */ = {
			isa = PBXResourcesBuildPhase;
			buildActionMask = 2147483647;
			files = (
				34C74F15203F01DF00FF5EBA /* LaunchScreen.storyboard in Resources */,
				34C74F12203F01DF00FF5EBA /* Assets.xcassets in Resources */,
				34C74F10203F01DF00FF5EBA /* Main.storyboard in Resources */,
				34C74F1E203F03FB00FF5EBA /* udacity logo.png in Resources */,
			);
			runOnlyForDeploymentPostprocessing = 0;
		};
/* End PBXResourcesBuildPhase section */

/* Begin PBXSourcesBuildPhase section */
		34C74F03203F01DF00FF5EBA /* Sources */ = {
			isa = PBXSourcesBuildPhase;
			buildActionMask = 2147483647;
			files = (
				34595C7120408CF50001053D /* CheckYourLocationViewController.swift in Sources */,
				34595C6920402A8E0001053D /* ParseClient.swift in Sources */,
				34595C6B20405CB10001053D /* CustomTableCell.swift in Sources */,
				34595C67204028890001053D /* StudentLocation.swift in Sources */,
				3451BC92203F0EF6004A2BFA /* UdacityClient.swift in Sources */,
				34C74F0D203F01DF00FF5EBA /* LoginViewController.swift in Sources */,
				3455FEFE203F6636004CC231 /* TextFieldDelegate.swift in Sources */,
				34595C6F20407FAF0001053D /* InformationPostingViewController.swift in Sources */,
				34595C6D20405D000001053D /* TableViewController.swift in Sources */,
				34C74F0B203F01DF00FF5EBA /* AppDelegate.swift in Sources */,
				3451BC90203F0A8A004A2BFA /* UdacityConstants.swift in Sources */,
				3455FEFA203F6204004CC231 /* GCDBlackBox.swift in Sources */,
				3455FF00203F68B6004CC231 /* MapViewController.swift in Sources */,
			);
			runOnlyForDeploymentPostprocessing = 0;
		};
/* End PBXSourcesBuildPhase section */

/* Begin PBXVariantGroup section */
		34C74F0E203F01DF00FF5EBA /* Main.storyboard */ = {
			isa = PBXVariantGroup;
			children = (
				34C74F0F203F01DF00FF5EBA /* Base */,
			);
			name = Main.storyboard;
			sourceTree = "<group>";
		};
		34C74F13203F01DF00FF5EBA /* LaunchScreen.storyboard */ = {
			isa = PBXVariantGroup;
			children = (
				34C74F14203F01DF00FF5EBA /* Base */,
			);
			name = LaunchScreen.storyboard;
			sourceTree = "<group>";
		};
/* End PBXVariantGroup section */

/* Begin XCBuildConfiguration section */
		34C74F17203F01DF00FF5EBA /* Debug */ = {
			isa = XCBuildConfiguration;
			buildSettings = {
				ALWAYS_SEARCH_USER_PATHS = NO;
				CLANG_ANALYZER_NONNULL = YES;
				CLANG_ANALYZER_NUMBER_OBJECT_CONVERSION = YES_AGGRESSIVE;
				CLANG_CXX_LANGUAGE_STANDARD = "gnu++14";
				CLANG_CXX_LIBRARY = "libc++";
				CLANG_ENABLE_MODULES = YES;
				CLANG_ENABLE_OBJC_ARC = YES;
				CLANG_WARN_BLOCK_CAPTURE_AUTORELEASING = YES;
				CLANG_WARN_BOOL_CONVERSION = YES;
				CLANG_WARN_COMMA = YES;
				CLANG_WARN_CONSTANT_CONVERSION = YES;
				CLANG_WARN_DIRECT_OBJC_ISA_USAGE = YES_ERROR;
				CLANG_WARN_DOCUMENTATION_COMMENTS = YES;
				CLANG_WARN_EMPTY_BODY = YES;
				CLANG_WARN_ENUM_CONVERSION = YES;
				CLANG_WARN_INFINITE_RECURSION = YES;
				CLANG_WARN_INT_CONVERSION = YES;
				CLANG_WARN_NON_LITERAL_NULL_CONVERSION = YES;
				CLANG_WARN_OBJC_LITERAL_CONVERSION = YES;
				CLANG_WARN_OBJC_ROOT_CLASS = YES_ERROR;
				CLANG_WARN_RANGE_LOOP_ANALYSIS = YES;
				CLANG_WARN_STRICT_PROTOTYPES = YES;
				CLANG_WARN_SUSPICIOUS_MOVE = YES;
				CLANG_WARN_UNGUARDED_AVAILABILITY = YES_AGGRESSIVE;
				CLANG_WARN_UNREACHABLE_CODE = YES;
				CLANG_WARN__DUPLICATE_METHOD_MATCH = YES;
				CODE_SIGN_IDENTITY = "iPhone Developer";
				COPY_PHASE_STRIP = NO;
				DEBUG_INFORMATION_FORMAT = dwarf;
				ENABLE_STRICT_OBJC_MSGSEND = YES;
				ENABLE_TESTABILITY = YES;
				GCC_C_LANGUAGE_STANDARD = gnu11;
				GCC_DYNAMIC_NO_PIC = NO;
				GCC_NO_COMMON_BLOCKS = YES;
				GCC_OPTIMIZATION_LEVEL = 0;
				GCC_PREPROCESSOR_DEFINITIONS = (
					"DEBUG=1",
					"$(inherited)",
				);
				GCC_WARN_64_TO_32_BIT_CONVERSION = YES;
				GCC_WARN_ABOUT_RETURN_TYPE = YES_ERROR;
				GCC_WARN_UNDECLARED_SELECTOR = YES;
				GCC_WARN_UNINITIALIZED_AUTOS = YES_AGGRESSIVE;
				GCC_WARN_UNUSED_FUNCTION = YES;
				GCC_WARN_UNUSED_VARIABLE = YES;
				IPHONEOS_DEPLOYMENT_TARGET = 11.2;
				MTL_ENABLE_DEBUG_INFO = YES;
				ONLY_ACTIVE_ARCH = YES;
				SDKROOT = iphoneos;
				SWIFT_ACTIVE_COMPILATION_CONDITIONS = DEBUG;
				SWIFT_OPTIMIZATION_LEVEL = "-Onone";
				SWIFT_VERSION = 4.0;
			};
			name = Debug;
		};
		34C74F18203F01DF00FF5EBA /* Release */ = {
			isa = XCBuildConfiguration;
			buildSettings = {
				ALWAYS_SEARCH_USER_PATHS = NO;
				CLANG_ANALYZER_NONNULL = YES;
				CLANG_ANALYZER_NUMBER_OBJECT_CONVERSION = YES_AGGRESSIVE;
				CLANG_CXX_LANGUAGE_STANDARD = "gnu++14";
				CLANG_CXX_LIBRARY = "libc++";
				CLANG_ENABLE_MODULES = YES;
				CLANG_ENABLE_OBJC_ARC = YES;
				CLANG_WARN_BLOCK_CAPTURE_AUTORELEASING = YES;
				CLANG_WARN_BOOL_CONVERSION = YES;
				CLANG_WARN_COMMA = YES;
				CLANG_WARN_CONSTANT_CONVERSION = YES;
				CLANG_WARN_DIRECT_OBJC_ISA_USAGE = YES_ERROR;
				CLANG_WARN_DOCUMENTATION_COMMENTS = YES;
				CLANG_WARN_EMPTY_BODY = YES;
				CLANG_WARN_ENUM_CONVERSION = YES;
				CLANG_WARN_INFINITE_RECURSION = YES;
				CLANG_WARN_INT_CONVERSION = YES;
				CLANG_WARN_NON_LITERAL_NULL_CONVERSION = YES;
				CLANG_WARN_OBJC_LITERAL_CONVERSION = YES;
				CLANG_WARN_OBJC_ROOT_CLASS = YES_ERROR;
				CLANG_WARN_RANGE_LOOP_ANALYSIS = YES;
				CLANG_WARN_STRICT_PROTOTYPES = YES;
				CLANG_WARN_SUSPICIOUS_MOVE = YES;
				CLANG_WARN_UNGUARDED_AVAILABILITY = YES_AGGRESSIVE;
				CLANG_WARN_UNREACHABLE_CODE = YES;
				CLANG_WARN__DUPLICATE_METHOD_MATCH = YES;
				CODE_SIGN_IDENTITY = "iPhone Developer";
				COPY_PHASE_STRIP = NO;
				DEBUG_INFORMATION_FORMAT = "dwarf-with-dsym";
				ENABLE_NS_ASSERTIONS = NO;
				ENABLE_STRICT_OBJC_MSGSEND = YES;
				GCC_C_LANGUAGE_STANDARD = gnu11;
				GCC_NO_COMMON_BLOCKS = YES;
				GCC_WARN_64_TO_32_BIT_CONVERSION = YES;
				GCC_WARN_ABOUT_RETURN_TYPE = YES_ERROR;
				GCC_WARN_UNDECLARED_SELECTOR = YES;
				GCC_WARN_UNINITIALIZED_AUTOS = YES_AGGRESSIVE;
				GCC_WARN_UNUSED_FUNCTION = YES;
				GCC_WARN_UNUSED_VARIABLE = YES;
				IPHONEOS_DEPLOYMENT_TARGET = 11.2;
				MTL_ENABLE_DEBUG_INFO = NO;
				SDKROOT = iphoneos;
				SWIFT_OPTIMIZATION_LEVEL = "-Owholemodule";
				SWIFT_VERSION = 4.0;
				VALIDATE_PRODUCT = YES;
			};
			name = Release;
		};
		34C74F1A203F01DF00FF5EBA /* Debug */ = {
			isa = XCBuildConfiguration;
			buildSettings = {
				ASSETCATALOG_COMPILER_APPICON_NAME = AppIcon;
				CODE_SIGN_STYLE = Automatic;
				DEVELOPMENT_TEAM = BF6R54VGWE;
				INFOPLIST_FILE = "On The Map/Info.plist";
				LD_RUNPATH_SEARCH_PATHS = "$(inherited) @executable_path/Frameworks";
				PRODUCT_BUNDLE_IDENTIFIER = "com.codersanjay.On-The-Map";
				PRODUCT_NAME = "$(TARGET_NAME)";
				SWIFT_VERSION = 4.0;
				TARGETED_DEVICE_FAMILY = "1,2";
			};
			name = Debug;
		};
		34C74F1B203F01DF00FF5EBA /* Release */ = {
			isa = XCBuildConfiguration;
			buildSettings = {
				ASSETCATALOG_COMPILER_APPICON_NAME = AppIcon;
				CODE_SIGN_STYLE = Automatic;
				DEVELOPMENT_TEAM = BF6R54VGWE;
				INFOPLIST_FILE = "On The Map/Info.plist";
				LD_RUNPATH_SEARCH_PATHS = "$(inherited) @executable_path/Frameworks";
				PRODUCT_BUNDLE_IDENTIFIER = "com.codersanjay.On-The-Map";
				PRODUCT_NAME = "$(TARGET_NAME)";
				SWIFT_VERSION = 4.0;
				TARGETED_DEVICE_FAMILY = "1,2";
			};
			name = Release;
		};
/* End XCBuildConfiguration section */

/* Begin XCConfigurationList section */
		34C74F02203F01DE00FF5EBA /* Build configuration list for PBXProject "On The Map" */ = {
			isa = XCConfigurationList;
			buildConfigurations = (
				34C74F17203F01DF00FF5EBA /* Debug */,
				34C74F18203F01DF00FF5EBA /* Release */,
			);
			defaultConfigurationIsVisible = 0;
			defaultConfigurationName = Release;
		};
		34C74F19203F01DF00FF5EBA /* Build configuration list for PBXNativeTarget "On The Map" */ = {
			isa = XCConfigurationList;
			buildConfigurations = (
				34C74F1A203F01DF00FF5EBA /* Debug */,
				34C74F1B203F01DF00FF5EBA /* Release */,
			);
			defaultConfigurationIsVisible = 0;
			defaultConfigurationName = Release;
		};
/* End XCConfigurationList section */
	};
	rootObject = 34C74EFF203F01DE00FF5EBA /* Project object */;
}
